
Microsoft Visual Studio Solution File, Format Version 12.00
# Visual Studio Version 17
VisualStudioVersion = 17.11.35327.3
MinimumVisualStudioVersion = 10.0.40219.1
Project("{9A19103F-16F7-4668-BE54-9A1E7A4F7556}") = "Zadanie5igopaw", "Zadanie5igopaw\Zadanie5igopaw.csproj", "{F2EF0969-11B3-4FEF-9EC0-5F275E0B48E8}"
EndProject
Project("{9A19103F-16F7-4668-BE54-9A1E7A4F7556}") = "Klienci.Data", "Klienci.Data\Klienci.Data.csproj", "{7E0035DD-C9E6-4313-B24F-9B28FB603EA7}"
EndProject
Global
	GlobalSection(SolutionConfigurationPlatforms) = preSolution
		Debug|Any CPU = Debug|Any CPU
		Release|Any CPU = Release|Any CPU
	EndGlobalSection
	GlobalSection(ProjectConfigurationPlatforms) = postSolution
		{F2EF0969-11B3-4FEF-9EC0-5F275E0B48E8}.Debug|Any CPU.ActiveCfg = Debug|Any CPU
		{F2EF0969-11B3-4FEF-9EC0-5F275E0B48E8}.Debug|Any CPU.Build.0 = Debug|Any CPU
		{F2EF0969-11B3-4FEF-9EC0-5F275E0B48E8}.Release|Any CPU.ActiveCfg = Release|Any CPU
		{F2EF0969-11B3-4FEF-9EC0-5F275E0B48E8}.Release|Any CPU.Build.0 = Release|Any CPU
		{7E0035DD-C9E6-4313-B24F-9B28FB603EA7}.Debug|Any CPU.ActiveCfg = Debug|Any CPU
		{7E0035DD-C9E6-4313-B24F-9B28FB603EA7}.Debug|Any CPU.Build.0 = Debug|Any CPU
		{7E0035DD-C9E6-4313-B24F-9B28FB603EA7}.Release|Any CPU.ActiveCfg = Release|Any CPU
		{7E0035DD-C9E6-4313-B24F-9B28FB603EA7}.Release|Any CPU.Build.0 = Release|Any CPU
	EndGlobalSection
	GlobalSection(SolutionProperties) = preSolution
		HideSolutionNode = FALSE
	EndGlobalSection
	GlobalSection(ExtensibilityGlobals) = postSolution
		SolutionGuid = {759A3B26-39D6-4941-8526-4B08123C9D7C}
	EndGlobalSection
EndGlobal
