
Microsoft Visual Studio Solution File, Format Version 12.00
# Visual Studio Version 17
VisualStudioVersion = 17.11.35327.3
MinimumVisualStudioVersion = 10.0.40219.1
Project("{FAE04EC0-301F-11D3-BF4B-00C04F79EFBC}") = "zadanie3", "zadanie3\zadanie3.csproj", "{DDC4C968-4E88-48AC-80EA-79DF8428ABA4}"
EndProject
Global
	GlobalSection(SolutionConfigurationPlatforms) = preSolution
		Debug|Any CPU = Debug|Any CPU
		Release|Any CPU = Release|Any CPU
	EndGlobalSection
	GlobalSection(ProjectConfigurationPlatforms) = postSolution
		{DDC4C968-4E88-48AC-80EA-79DF8428ABA4}.Debug|Any CPU.ActiveCfg = Debug|Any CPU
		{DDC4C968-4E88-48AC-80EA-79DF8428ABA4}.Debug|Any CPU.Build.0 = Debug|Any CPU
		{DDC4C968-4E88-48AC-80EA-79DF8428ABA4}.Release|Any CPU.ActiveCfg = Release|Any CPU
		{DDC4C968-4E88-48AC-80EA-79DF8428ABA4}.Release|Any CPU.Build.0 = Release|Any CPU
	EndGlobalSection
	GlobalSection(SolutionProperties) = preSolution
		HideSolutionNode = FALSE
	EndGlobalSection
	GlobalSection(ExtensibilityGlobals) = postSolution
		SolutionGuid = {36D0CB23-494B-4E28-BC10-EB4527263BFC}
	EndGlobalSection
EndGlobal
